<Solution>
  <Folder Name="/src/">
    <Project Path="src/Dental.Application/Dental.Application.csproj" Id="aba6c91e-34df-4af8-9224-c687d7a96a41" />
    <Project Path="src/Dental.Domain/Dental.Domain.csproj" Id="b550b819-6bf5-4e03-a389-b88b94ba6758" />
    <Project Path="src/Dental.Infrastructure/Dental.Infrastructure.csproj" />
    <Project Path="src/Dental.WinForms/Dental.WinForms.csproj" Id="16051263-cab6-46c8-9992-208ce29cb21d" />
  </Folder>
</Solution>
